// !$*UTF8*$!
{
	archiveVersion = 1;
	classes = {
	};
	objectVersion = 46;
	objects = {

/* Begin PBXBuildFile section */
		5B8B307E187583EE007F2A0F /* Foundation.framework in Frameworks */ = {isa = PBXBuildFile; fileRef = 5B8B307D187583EE007F2A0F /* Foundation.framework */; };
		5B8B3080187583EE007F2A0F /* CoreGraphics.framework in Frameworks */ = {isa = PBXBuildFile; fileRef = 5B8B307F187583EE007F2A0F /* CoreGraphics.framework */; };
		5B8B3082187583EE007F2A0F /* UIKit.framework in Frameworks */ = {isa = PBXBuildFile; fileRef = 5B8B3081187583EE007F2A0F /* UIKit.framework */; };
		5B8B3088187583EE007F2A0F /* InfoPlist.strings in Resources */ = {isa = PBXBuildFile; fileRef = 5B8B3086187583EE007F2A0F /* InfoPlist.strings */; };
		5B8B308A187583EE007F2A0F /* main.m in Sources */ = {isa = PBXBuildFile; fileRef = 5B8B3089187583EE007F2A0F /* main.m */; };
		5B8B308E187583EE007F2A0F /* AppDelegate.m in Sources */ = {isa = PBXBuildFile; fileRef = 5B8B308D187583EE007F2A0F /* AppDelegate.m */; };
		5B8B3091187583EE007F2A0F /* Main.storyboard in Resources */ = {isa = PBXBuildFile; fileRef = 5B8B308F187583EE007F2A0F /* Main.storyboard */; };
		5B8B3094187583EE007F2A0F /* ViewController.m in Sources */ = {isa = PBXBuildFile; fileRef = 5B8B3093187583EE007F2A0F /* ViewController.m */; };
		5B8B3096187583EE007F2A0F /* Images.xcassets in Resources */ = {isa = PBXBuildFile; fileRef = 5B8B3095187583EE007F2A0F /* Images.xcassets */; };
		5B8B309D187583EF007F2A0F /* XCTest.framework in Frameworks */ = {isa = PBXBuildFile; fileRef = 5B8B309C187583EF007F2A0F /* XCTest.framework */; };
		5B8B309E187583EF007F2A0F /* Foundation.framework in Frameworks */ = {isa = PBXBuildFile; fileRef = 5B8B307D187583EE007F2A0F /* Foundation.framework */; };
		5B8B309F187583EF007F2A0F /* UIKit.framework in Frameworks */ = {isa = PBXBuildFile; fileRef = 5B8B3081187583EE007F2A0F /* UIKit.framework */; };
		5B8B30A7187583EF007F2A0F /* InfoPlist.strings in Resources */ = {isa = PBXBuildFile; fileRef = 5B8B30A5187583EF007F2A0F /* InfoPlist.strings */; };
		5B8B30A9187583EF007F2A0F /* MatchismoTests.m in Sources */ = {isa = PBXBuildFile; fileRef = 5B8B30A8187583EF007F2A0F /* MatchismoTests.m */; };
/* End PBXBuildFile section */

/* Begin PBXContainerItemProxy section */
		5B8B30A0187583EF007F2A0F /* PBXContainerItemProxy */ = {
			isa = PBXContainerItemProxy;
			containerPortal = 5B8B3072187583EE007F2A0F /* Project object */;
			proxyType = 1;
			remoteGlobalIDString = 5B8B3079187583EE007F2A0F;
			remoteInfo = Matchismo;
		};
/* End PBXContainerItemProxy section */

/* Begin PBXFileReference section */
		5B8B307A187583EE007F2A0F /* Matchismo.app */ = {isa = PBXFileReference; explicitFileType = wrapper.application; includeInIndex = 0; path = Matchismo.app; sourceTree = BUILT_PRODUCTS_DIR; };
		5B8B307D187583EE007F2A0F /* Foundation.framework */ = {isa = PBXFileReference; lastKnownFileType = wrapper.framework; name = Foundation.framework; path = System/Library/Frameworks/Foundation.framework; sourceTree = SDKROOT; };
		5B8B307F187583EE007F2A0F /* CoreGraphics.framework */ = {isa = PBXFileReference; lastKnownFileType = wrapper.framework; name = CoreGraphics.framework; path = System/Library/Frameworks/CoreGraphics.framework; sourceTree = SDKROOT; };
		5B8B3081187583EE007F2A0F /* UIKit.framework */ = {isa = PBXFileReference; lastKnownFileType = wrapper.framework; name = UIKit.framework; path = System/Library/Frameworks/UIKit.framework; sourceTree = SDKROOT; };
		5B8B3085187583EE007F2A0F /* Matchismo-Info.plist */ = {isa = PBXFileReference; lastKnownFileType = text.plist.xml; path = "Matchismo-Info.plist"; sourceTree = "<group>"; };
		5B8B3087187583EE007F2A0F /* en */ = {isa = PBXFileReference; lastKnownFileType = text.plist.strings; name = en; path = en.lproj/InfoPlist.strings; sourceTree = "<group>"; };
		5B8B3089187583EE007F2A0F /* main.m */ = {isa = PBXFileReference; lastKnownFileType = sourcecode.c.objc; path = main.m; sourceTree = "<group>"; };
		5B8B308B187583EE007F2A0F /* Matchismo-Prefix.pch */ = {isa = PBXFileReference; lastKnownFileType = sourcecode.c.h; path = "Matchismo-Prefix.pch"; sourceTree = "<group>"; };
		5B8B308C187583EE007F2A0F /* AppDelegate.h */ = {isa = PBXFileReference; lastKnownFileType = sourcecode.c.h; path = AppDelegate.h; sourceTree = "<group>"; };
		5B8B308D187583EE007F2A0F /* AppDelegate.m */ = {isa = PBXFileReference; lastKnownFileType = sourcecode.c.objc; path = AppDelegate.m; sourceTree = "<group>"; };
		5B8B3090187583EE007F2A0F /* Base */ = {isa = PBXFileReference; lastKnownFileType = file.storyboard; name = Base; path = Base.lproj/Main.storyboard; sourceTree = "<group>"; };
		5B8B3092187583EE007F2A0F /* ViewController.h */ = {isa = PBXFileReference; lastKnownFileType = sourcecode.c.h; path = ViewController.h; sourceTree = "<group>"; };
		5B8B3093187583EE007F2A0F /* ViewController.m */ = {isa = PBXFileReference; lastKnownFileType = sourcecode.c.objc; path = ViewController.m; sourceTree = "<group>"; };
		5B8B3095187583EE007F2A0F /* Images.xcassets */ = {isa = PBXFileReference; lastKnownFileType = folder.assetcatalog; path = Images.xcassets; sourceTree = "<group>"; };
		5B8B309B187583EF007F2A0F /* MatchismoTests.xctest */ = {isa = PBXFileReference; explicitFileType = wrapper.cfbundle; includeInIndex = 0; path = MatchismoTests.xctest; sourceTree = BUILT_PRODUCTS_DIR; };
		5B8B309C187583EF007F2A0F /* XCTest.framework */ = {isa = PBXFileReference; lastKnownFileType = wrapper.framework; name = XCTest.framework; path = Library/Frameworks/XCTest.framework; sourceTree = DEVELOPER_DIR; };
		5B8B30A4187583EF007F2A0F /* MatchismoTests-Info.plist */ = {isa = PBXFileReference; lastKnownFileType = text.plist.xml; path = "MatchismoTests-Info.plist"; sourceTree = "<group>"; };
		5B8B30A6187583EF007F2A0F /* en */ = {isa = PBXFileReference; lastKnownFileType = text.plist.strings; name = en; path = en.lproj/InfoPlist.strings; sourceTree = "<group>"; };
		5B8B30A8187583EF007F2A0F /* MatchismoTests.m */ = {isa = PBXFileReference; lastKnownFileType = sourcecode.c.objc; path = MatchismoTests.m; sourceTree = "<group>"; };
/* End PBXFileReference section */

/* Begin PBXFrameworksBuildPhase section */
		5B8B3077187583EE007F2A0F /* Frameworks */ = {
			isa = PBXFrameworksBuildPhase;
			buildActionMask = 2147483647;
			files = (
				5B8B3080187583EE007F2A0F /* CoreGraphics.framework in Frameworks */,
				5B8B3082187583EE007F2A0F /* UIKit.framework in Frameworks */,
				5B8B307E187583EE007F2A0F /* Foundation.framework in Frameworks */,
			);
			runOnlyForDeploymentPostprocessing = 0;
		};
		5B8B3098187583EF007F2A0F /* Frameworks */ = {
			isa = PBXFrameworksBuildPhase;
			buildActionMask = 2147483647;
			files = (
				5B8B309D187583EF007F2A0F /* XCTest.framework in Frameworks */,
				5B8B309F187583EF007F2A0F /* UIKit.framework in Frameworks */,
				5B8B309E187583EF007F2A0F /* Foundation.framework in Frameworks */,
			);
			runOnlyForDeploymentPostprocessing = 0;
		};
/* End PBXFrameworksBuildPhase section */

/* Begin PBXGroup section */
		5B8B3071187583EE007F2A0F = {
			isa = PBXGroup;
			children = (
				5B8B3083187583EE007F2A0F /* Matchismo */,
				5B8B30A2187583EF007F2A0F /* MatchismoTests */,
				5B8B307C187583EE007F2A0F /* Frameworks */,
				5B8B307B187583EE007F2A0F /* Products */,
			);
			sourceTree = "<group>";
		};
		5B8B307B187583EE007F2A0F /* Products */ = {
			isa = PBXGroup;
			children = (
				5B8B307A187583EE007F2A0F /* Matchismo.app */,
				5B8B309B187583EF007F2A0F /* MatchismoTests.xctest */,
			);
			name = Products;
			sourceTree = "<group>";
		};
		5B8B307C187583EE007F2A0F /* Frameworks */ = {
			isa = PBXGroup;
			children = (
				5B8B307D187583EE007F2A0F /* Foundation.framework */,
				5B8B307F187583EE007F2A0F /* CoreGraphics.framework */,
				5B8B3081187583EE007F2A0F /* UIKit.framework */,
				5B8B309C187583EF007F2A0F /* XCTest.framework */,
			);
			name = Frameworks;
			sourceTree = "<group>";
		};
		5B8B3083187583EE007F2A0F /* Matchismo */ = {
			isa = PBXGroup;
			children = (
				5B8B308F187583EE007F2A0F /* Main.storyboard */,
				5B8B3092187583EE007F2A0F /* ViewController.h */,
				5B8B3093187583EE007F2A0F /* ViewController.m */,
				5B8B3095187583EE007F2A0F /* Images.xcassets */,
				5B8B3084187583EE007F2A0F /* Supporting Files */,
			);
			path = Matchismo;
			sourceTree = "<group>";
		};
		5B8B3084187583EE007F2A0F /* Supporting Files */ = {
			isa = PBXGroup;
			children = (
				5B8B308C187583EE007F2A0F /* AppDelegate.h */,
				5B8B308D187583EE007F2A0F /* AppDelegate.m */,
				5B8B3085187583EE007F2A0F /* Matchismo-Info.plist */,
				5B8B3086187583EE007F2A0F /* InfoPlist.strings */,
				5B8B3089187583EE007F2A0F /* main.m */,
				5B8B308B187583EE007F2A0F /* Matchismo-Prefix.pch */,
			);
			name = "Supporting Files";
			sourceTree = "<group>";
		};
		5B8B30A2187583EF007F2A0F /* MatchismoTests */ = {
			isa = PBXGroup;
			children = (
				5B8B30A8187583EF007F2A0F /* MatchismoTests.m */,
				5B8B30A3187583EF007F2A0F /* Supporting Files */,
			);
			path = MatchismoTests;
			sourceTree = "<group>";
		};
		5B8B30A3187583EF007F2A0F /* Supporting Files */ = {
			isa = PBXGroup;
			children = (
				5B8B30A4187583EF007F2A0F /* MatchismoTests-Info.plist */,
				5B8B30A5187583EF007F2A0F /* InfoPlist.strings */,
			);
			name = "Supporting Files";
			sourceTree = "<group>";
		};
/* End PBXGroup section */

/* Begin PBXNativeTarget section */
		5B8B3079187583EE007F2A0F /* Matchismo */ = {
			isa = PBXNativeTarget;
			buildConfigurationList = 5B8B30AC187583EF007F2A0F /* Build configuration list for PBXNativeTarget "Matchismo" */;
			buildPhases = (
				5B8B3076187583EE007F2A0F /* Sources */,
				5B8B3077187583EE007F2A0F /* Frameworks */,
				5B8B3078187583EE007F2A0F /* Resources */,
			);
			buildRules = (
			);
			dependencies = (
			);
			name = Matchismo;
			productName = Matchismo;
			productReference = 5B8B307A187583EE007F2A0F /* Matchismo.app */;
			productType = "com.apple.product-type.application";
		};
		5B8B309A187583EF007F2A0F /* MatchismoTests */ = {
			isa = PBXNativeTarget;
			buildConfigurationList = 5B8B30AF187583EF007F2A0F /* Build configuration list for PBXNativeTarget "MatchismoTests" */;
			buildPhases = (
				5B8B3097187583EF007F2A0F /* Sources */,
				5B8B3098187583EF007F2A0F /* Frameworks */,
				5B8B3099187583EF007F2A0F /* Resources */,
			);
			buildRules = (
			);
			dependencies = (
				5B8B30A1187583EF007F2A0F /* PBXTargetDependency */,
			);
			name = MatchismoTests;
			productName = MatchismoTests;
			productReference = 5B8B309B187583EF007F2A0F /* MatchismoTests.xctest */;
			productType = "com.apple.product-type.bundle.unit-test";
		};
/* End PBXNativeTarget section */

/* Begin PBXProject section */
		5B8B3072187583EE007F2A0F /* Project object */ = {
			isa = PBXProject;
			attributes = {
				LastUpgradeCheck = 0500;
				ORGANIZATIONNAME = "Ken Zhou";
				TargetAttributes = {
					5B8B309A187583EF007F2A0F = {
						TestTargetID = 5B8B3079187583EE007F2A0F;
					};
				};
			};
			buildConfigurationList = 5B8B3075187583EE007F2A0F /* Build configuration list for PBXProject "Matchismo" */;
			compatibilityVersion = "Xcode 3.2";
			developmentRegion = English;
			hasScannedForEncodings = 0;
			knownRegions = (
				en,
				Base,
			);
			mainGroup = 5B8B3071187583EE007F2A0F;
			productRefGroup = 5B8B307B187583EE007F2A0F /* Products */;
			projectDirPath = "";
			projectRoot = "";
			targets = (
				5B8B3079187583EE007F2A0F /* Matchismo */,
				5B8B309A187583EF007F2A0F /* MatchismoTests */,
			);
		};
/* End PBXProject section */

/* Begin PBXResourcesBuildPhase section */
		5B8B3078187583EE007F2A0F /* Resources */ = {
			isa = PBXResourcesBuildPhase;
			buildActionMask = 2147483647;
			files = (
				5B8B3096187583EE007F2A0F /* Images.xcassets in Resources */,
				5B8B3088187583EE007F2A0F /* InfoPlist.strings in Resources */,
				5B8B3091187583EE007F2A0F /* Main.storyboard in Resources */,
			);
			runOnlyForDeploymentPostprocessing = 0;
		};
		5B8B3099187583EF007F2A0F /* Resources */ = {
			isa = PBXResourcesBuildPhase;
			buildActionMask = 2147483647;
			files = (
				5B8B30A7187583EF007F2A0F /* InfoPlist.strings in Resources */,
			);
			runOnlyForDeploymentPostprocessing = 0;
		};
/* End PBXResourcesBuildPhase section */

/* Begin PBXSourcesBuildPhase section */
		5B8B3076187583EE007F2A0F /* Sources */ = {
			isa = PBXSourcesBuildPhase;
			buildActionMask = 2147483647;
			files = (
				5B8B3094187583EE007F2A0F /* ViewController.m in Sources */,
				5B8B308E187583EE007F2A0F /* AppDelegate.m in Sources */,
				5B8B308A187583EE007F2A0F /* main.m in Sources */,
			);
			runOnlyForDeploymentPostprocessing = 0;
		};
		5B8B3097187583EF007F2A0F /* Sources */ = {
			isa = PBXSourcesBuildPhase;
			buildActionMask = 2147483647;
			files = (
				5B8B30A9187583EF007F2A0F /* MatchismoTests.m in Sources */,
			);
			runOnlyForDeploymentPostprocessing = 0;
		};
/* End PBXSourcesBuildPhase section */

/* Begin PBXTargetDependency section */
		5B8B30A1187583EF007F2A0F /* PBXTargetDependency */ = {
			isa = PBXTargetDependency;
			target = 5B8B3079187583EE007F2A0F /* Matchismo */;
			targetProxy = 5B8B30A0187583EF007F2A0F /* PBXContainerItemProxy */;
		};
/* End PBXTargetDependency section */

/* Begin PBXVariantGroup section */
		5B8B3086187583EE007F2A0F /* InfoPlist.strings */ = {
			isa = PBXVariantGroup;
			children = (
				5B8B3087187583EE007F2A0F /* en */,
			);
			name = InfoPlist.strings;
			sourceTree = "<group>";
		};
		5B8B308F187583EE007F2A0F /* Main.storyboard */ = {
			isa = PBXVariantGroup;
			children = (
				5B8B3090187583EE007F2A0F /* Base */,
			);
			name = Main.storyboard;
			sourceTree = "<group>";
		};
		5B8B30A5187583EF007F2A0F /* InfoPlist.strings */ = {
			isa = PBXVariantGroup;
			children = (
				5B8B30A6187583EF007F2A0F /* en */,
			);
			name = InfoPlist.strings;
			sourceTree = "<group>";
		};
/* End PBXVariantGroup section */

/* Begin XCBuildConfiguration section */
		5B8B30AA187583EF007F2A0F /* Debug */ = {
			isa = XCBuildConfiguration;
			buildSettings = {
				ALWAYS_SEARCH_USER_PATHS = NO;
				ARCHS = "$(ARCHS_STANDARD_INCLUDING_64_BIT)";
				CLANG_CXX_LANGUAGE_STANDARD = "gnu++0x";
				CLANG_CXX_LIBRARY = "libc++";
				CLANG_ENABLE_MODULES = YES;
				CLANG_ENABLE_OBJC_ARC = YES;
				CLANG_WARN_BOOL_CONVERSION = YES;
				CLANG_WARN_CONSTANT_CONVERSION = YES;
				CLANG_WARN_DIRECT_OBJC_ISA_USAGE = YES_ERROR;
				CLANG_WARN_EMPTY_BODY = YES;
				CLANG_WARN_ENUM_CONVERSION = YES;
				CLANG_WARN_INT_CONVERSION = YES;
				CLANG_WARN_OBJC_ROOT_CLASS = YES_ERROR;
				CLANG_WARN__DUPLICATE_METHOD_MATCH = YES;
				"CODE_SIGN_IDENTITY[sdk=iphoneos*]" = "iPhone Developer";
				COPY_PHASE_STRIP = NO;
				GCC_C_LANGUAGE_STANDARD = gnu99;
				GCC_DYNAMIC_NO_PIC = NO;
				GCC_OPTIMIZATION_LEVEL = 0;
				GCC_PREPROCESSOR_DEFINITIONS = (
					"DEBUG=1",
					"$(inherited)",
				);
				GCC_SYMBOLS_PRIVATE_EXTERN = NO;
				GCC_WARN_64_TO_32_BIT_CONVERSION = YES;
				GCC_WARN_ABOUT_RETURN_TYPE = YES_ERROR;
				GCC_WARN_UNDECLARED_SELECTOR = YES;
				GCC_WARN_UNINITIALIZED_AUTOS = YES;
				GCC_WARN_UNUSED_FUNCTION = YES;
				GCC_WARN_UNUSED_VARIABLE = YES;
				IPHONEOS_DEPLOYMENT_TARGET = 7.0;
				ONLY_ACTIVE_ARCH = YES;
				SDKROOT = iphoneos;
			};
			name = Debug;
		};
		5B8B30AB187583EF007F2A0F /* Release */ = {
			isa = XCBuildConfiguration;
			buildSettings = {
				ALWAYS_SEARCH_USER_PATHS = NO;
				ARCHS = "$(ARCHS_STANDARD_INCLUDING_64_BIT)";
				CLANG_CXX_LANGUAGE_STANDARD = "gnu++0x";
				CLANG_CXX_LIBRARY = "libc++";
				CLANG_ENABLE_MODULES = YES;
				CLANG_ENABLE_OBJC_ARC = YES;
				CLANG_WARN_BOOL_CONVERSION = YES;
				CLANG_WARN_CONSTANT_CONVERSION = YES;
				CLANG_WARN_DIRECT_OBJC_ISA_USAGE = YES_ERROR;
				CLANG_WARN_EMPTY_BODY = YES;
				CLANG_WARN_ENUM_CONVERSION = YES;
				CLANG_WARN_INT_CONVERSION = YES;
				CLANG_WARN_OBJC_ROOT_CLASS = YES_ERROR;
				CLANG_WARN__DUPLICATE_METHOD_MATCH = YES;
				"CODE_SIGN_IDENTITY[sdk=iphoneos*]" = "iPhone Developer";
				COPY_PHASE_STRIP = YES;
				ENABLE_NS_ASSERTIONS = NO;
				GCC_C_LANGUAGE_STANDARD = gnu99;
				GCC_WARN_64_TO_32_BIT_CONVERSION = YES;
				GCC_WARN_ABOUT_RETURN_TYPE = YES_ERROR;
				GCC_WARN_UNDECLARED_SELECTOR = YES;
				GCC_WARN_UNINITIALIZED_AUTOS = YES;
				GCC_WARN_UNUSED_FUNCTION = YES;
				GCC_WARN_UNUSED_VARIABLE = YES;
				IPHONEOS_DEPLOYMENT_TARGET = 7.0;
				SDKROOT = iphoneos;
				VALIDATE_PRODUCT = YES;
			};
			name = Release;
		};
		5B8B30AD187583EF007F2A0F /* Debug */ = {
			isa = XCBuildConfiguration;
			buildSettings = {
				ASSETCATALOG_COMPILER_APPICON_NAME = AppIcon;
				ASSETCATALOG_COMPILER_LAUNCHIMAGE_NAME = LaunchImage;
				GCC_PRECOMPILE_PREFIX_HEADER = YES;
				GCC_PREFIX_HEADER = "Matchismo/Matchismo-Prefix.pch";
				INFOPLIST_FILE = "Matchismo/Matchismo-Info.plist";
				PRODUCT_NAME = "$(TARGET_NAME)";
				WRAPPER_EXTENSION = app;
			};
			name = Debug;
		};
		5B8B30AE187583EF007F2A0F /* Release */ = {
			isa = XCBuildConfiguration;
			buildSettings = {
				ASSETCATALOG_COMPILER_APPICON_NAME = AppIcon;
				ASSETCATALOG_COMPILER_LAUNCHIMAGE_NAME = LaunchImage;
				GCC_PRECOMPILE_PREFIX_HEADER = YES;
				GCC_PREFIX_HEADER = "Matchismo/Matchismo-Prefix.pch";
				INFOPLIST_FILE = "Matchismo/Matchismo-Info.plist";
				PRODUCT_NAME = "$(TARGET_NAME)";
				WRAPPER_EXTENSION = app;
			};
			name = Release;
		};
		5B8B30B0187583EF007F2A0F /* Debug */ = {
			isa = XCBuildConfiguration;
			buildSettings = {
				ARCHS = "$(ARCHS_STANDARD_INCLUDING_64_BIT)";
				BUNDLE_LOADER = "$(BUILT_PRODUCTS_DIR)/Matchismo.app/Matchismo";
				FRAMEWORK_SEARCH_PATHS = (
					"$(SDKROOT)/Developer/Library/Frameworks",
					"$(inherited)",
					"$(DEVELOPER_FRAMEWORKS_DIR)",
				);
				GCC_PRECOMPILE_PREFIX_HEADER = YES;
				GCC_PREFIX_HEADER = "Matchismo/Matchismo-Prefix.pch";
				GCC_PREPROCESSOR_DEFINITIONS = (
					"DEBUG=1",
					"$(inherited)",
				);
				INFOPLIST_FILE = "MatchismoTests/MatchismoTests-Info.plist";
				PRODUCT_NAME = "$(TARGET_NAME)";
				TEST_HOST = "$(BUNDLE_LOADER)";
				WRAPPER_EXTENSION = xctest;
			};
			name = Debug;
		};
		5B8B30B1187583EF007F2A0F /* Release */ = {
			isa = XCBuildConfiguration;
			buildSettings = {
				ARCHS = "$(ARCHS_STANDARD_INCLUDING_64_BIT)";
				BUNDLE_LOADER = "$(BUILT_PRODUCTS_DIR)/Matchismo.app/Matchismo";
				FRAMEWORK_SEARCH_PATHS = (
					"$(SDKROOT)/Developer/Library/Frameworks",
					"$(inherited)",
					"$(DEVELOPER_FRAMEWORKS_DIR)",
				);
				GCC_PRECOMPILE_PREFIX_HEADER = YES;
				GCC_PREFIX_HEADER = "Matchismo/Matchismo-Prefix.pch";
				INFOPLIST_FILE = "MatchismoTests/MatchismoTests-Info.plist";
				PRODUCT_NAME = "$(TARGET_NAME)";
				TEST_HOST = "$(BUNDLE_LOADER)";
				WRAPPER_EXTENSION = xctest;
			};
			name = Release;
		};
/* End XCBuildConfiguration section */

/* Begin XCConfigurationList section */
		5B8B3075187583EE007F2A0F /* Build configuration list for PBXProject "Matchismo" */ = {
			isa = XCConfigurationList;
			buildConfigurations = (
				5B8B30AA187583EF007F2A0F /* Debug */,
				5B8B30AB187583EF007F2A0F /* Release */,
			);
			defaultConfigurationIsVisible = 0;
			defaultConfigurationName = Release;
		};
		5B8B30AC187583EF007F2A0F /* Build configuration list for PBXNativeTarget "Matchismo" */ = {
			isa = XCConfigurationList;
			buildConfigurations = (
				5B8B30AD187583EF007F2A0F /* Debug */,
				5B8B30AE187583EF007F2A0F /* Release */,
			);
			defaultConfigurationIsVisible = 0;
			defaultConfigurationName = Release;
		};
		5B8B30AF187583EF007F2A0F /* Build configuration list for PBXNativeTarget "MatchismoTests" */ = {
			isa = XCConfigurationList;
			buildConfigurations = (
				5B8B30B0187583EF007F2A0F /* Debug */,
				5B8B30B1187583EF007F2A0F /* Release */,
			);
			defaultConfigurationIsVisible = 0;
			defaultConfigurationName = Release;
		};
/* End XCConfigurationList section */
	};
	rootObject = 5B8B3072187583EE007F2A0F /* Project object */;
}
